
Microsoft Visual Studio Solution File, Format Version 12.00
# Visual Studio Version 16
VisualStudioVersion = 16.0.30413.136
MinimumVisualStudioVersion = 10.0.40219.1
Project("{FAE04EC0-301F-11D3-BF4B-00C04F79EFBC}") = "Policlinic(.Net Core)", "Policlinic(.Net Core).csproj", "{805F993A-0733-405E-A348-4CE9B93BEC94}"
EndProject
Global
	GlobalSection(SolutionConfigurationPlatforms) = preSolution
		Debug|Any CPU = Debug|Any CPU
		Release|Any CPU = Release|Any CPU
	EndGlobalSection
	GlobalSection(ProjectConfigurationPlatforms) = postSolution
		{805F993A-0733-405E-A348-4CE9B93BEC94}.Debug|Any CPU.ActiveCfg = Debug|Any CPU
		{805F993A-0733-405E-A348-4CE9B93BEC94}.Debug|Any CPU.Build.0 = Debug|Any CPU
		{805F993A-0733-405E-A348-4CE9B93BEC94}.Release|Any CPU.ActiveCfg = Release|Any CPU
		{805F993A-0733-405E-A348-4CE9B93BEC94}.Release|Any CPU.Build.0 = Release|Any CPU
	EndGlobalSection
	GlobalSection(SolutionProperties) = preSolution
		HideSolutionNode = FALSE
	EndGlobalSection
	GlobalSection(ExtensibilityGlobals) = postSolution
		SolutionGuid = {BB133850-6903-4F0D-A662-C24010C29E0E}
	EndGlobalSection
EndGlobal
